// !$*UTF8*$!
{
	archiveVersion = 1;
	classes = {
	};
	objectVersion = 56;
	objects = {

/* Begin PBXBuildFile section */
		F700B2182B8B9B8100FA62B2 /* SingleImageViewController.swift in Sources */ = {isa = PBXBuildFile; fileRef = F700B2172B8B9B8100FA62B2 /* SingleImageViewController.swift */; };
		F71239302BC0B17300C7FE19 /* NetworkError.swift in Sources */ = {isa = PBXBuildFile; fileRef = F712392F2BC0B17300C7FE19 /* NetworkError.swift */; };
		F71239332BC0B26B00C7FE19 /* OAuthTokenResponseBody.swift in Sources */ = {isa = PBXBuildFile; fileRef = F71239322BC0B26B00C7FE19 /* OAuthTokenResponseBody.swift */; };
		F71239352BC0B79F00C7FE19 /* OAuthError.swift in Sources */ = {isa = PBXBuildFile; fileRef = F71239342BC0B79F00C7FE19 /* OAuthError.swift */; };
		F7308B4C2C45D8570099B0FD /* PhotoMapper.swift in Sources */ = {isa = PBXBuildFile; fileRef = F7308B4B2C45D8570099B0FD /* PhotoMapper.swift */; };
		F736755B2B9FA75F006394E7 /* AuthConfiguration.swift in Sources */ = {isa = PBXBuildFile; fileRef = F736755A2B9FA75F006394E7 /* AuthConfiguration.swift */; };
		F73753D52B8B753F002019FC /* ProfileViewController.swift in Sources */ = {isa = PBXBuildFile; fileRef = F73753D42B8B753F002019FC /* ProfileViewController.swift */; };
		F74DDBC52B89FDF8003998F4 /* ImagesListCell.swift in Sources */ = {isa = PBXBuildFile; fileRef = F74DDBC42B89FDF8003998F4 /* ImagesListCell.swift */; };
		F7651C922C42C34D00AE8E91 /* ProfileLogoutService.swift in Sources */ = {isa = PBXBuildFile; fileRef = F7651C912C42C34D00AE8E91 /* ProfileLogoutService.swift */; };
		F775AFC92BA0C59E00114C6B /* AuthViewController.swift in Sources */ = {isa = PBXBuildFile; fileRef = F775AFC82BA0C59E00114C6B /* AuthViewController.swift */; };
		F78183582C1F4C0900524F5A /* AlertPresenter.swift in Sources */ = {isa = PBXBuildFile; fileRef = F78183572C1F4C0900524F5A /* AlertPresenter.swift */; };
		F781835B2C28B38500524F5A /* Kingfisher in Frameworks */ = {isa = PBXBuildFile; productRef = F781835A2C28B38500524F5A /* Kingfisher */; };
		F781835E2C2A155400524F5A /* SwiftKeychainWrapper in Frameworks */ = {isa = PBXBuildFile; productRef = F781835D2C2A155400524F5A /* SwiftKeychainWrapper */; };
		F78183612C2A29B500524F5A /* TabBarController.swift in Sources */ = {isa = PBXBuildFile; fileRef = F78183602C2A29B500524F5A /* TabBarController.swift */; };
		F790F79D2C4D603B00CF454D /* WebViewPresenter.swift in Sources */ = {isa = PBXBuildFile; fileRef = F790F79C2C4D603B00CF454D /* WebViewPresenter.swift */; };
		F790F79F2C4D7A0A00CF454D /* AuthHelper.swift in Sources */ = {isa = PBXBuildFile; fileRef = F790F79E2C4D7A0A00CF454D /* AuthHelper.swift */; };
		F790F7A72C4D7FED00CF454D /* WebViewTests.swift in Sources */ = {isa = PBXBuildFile; fileRef = F790F7A62C4D7FED00CF454D /* WebViewTests.swift */; };
		F790F7AE2C4D81A900CF454D /* WebViewPresenterSpy.swift in Sources */ = {isa = PBXBuildFile; fileRef = F790F7AD2C4D81A900CF454D /* WebViewPresenterSpy.swift */; };
		F790F7B02C4D837000CF454D /* WebViewViewControllerSpy.swift in Sources */ = {isa = PBXBuildFile; fileRef = F790F7AF2C4D837000CF454D /* WebViewViewControllerSpy.swift */; };
		F790F7B42C4DBEAE00CF454D /* ProfilePresenter.swift in Sources */ = {isa = PBXBuildFile; fileRef = F790F7B32C4DBEAE00CF454D /* ProfilePresenter.swift */; };
		F790F7B62C4DC0E000CF454D /* Profile.swift in Sources */ = {isa = PBXBuildFile; fileRef = F790F7B52C4DC0E000CF454D /* Profile.swift */; };
		F790F7B82C4DC14100CF454D /* ProfileResult.swift in Sources */ = {isa = PBXBuildFile; fileRef = F790F7B72C4DC14100CF454D /* ProfileResult.swift */; };
		F7A3F2C32B7BD7A200B5A398 /* AppDelegate.swift in Sources */ = {isa = PBXBuildFile; fileRef = F7A3F2C22B7BD7A200B5A398 /* AppDelegate.swift */; };
		F7A3F2C52B7BD7A200B5A398 /* SceneDelegate.swift in Sources */ = {isa = PBXBuildFile; fileRef = F7A3F2C42B7BD7A200B5A398 /* SceneDelegate.swift */; };
		F7A3F2C72B7BD7A200B5A398 /* ImagesListViewController.swift in Sources */ = {isa = PBXBuildFile; fileRef = F7A3F2C62B7BD7A200B5A398 /* ImagesListViewController.swift */; };
		F7A3F2CA2B7BD7A200B5A398 /* Main.storyboard in Resources */ = {isa = PBXBuildFile; fileRef = F7A3F2C82B7BD7A200B5A398 /* Main.storyboard */; };
		F7A3F2CC2B7BD7A400B5A398 /* Assets.xcassets in Resources */ = {isa = PBXBuildFile; fileRef = F7A3F2CB2B7BD7A400B5A398 /* Assets.xcassets */; };
		F7A3F2CF2B7BD7A400B5A398 /* LaunchScreen.storyboard in Resources */ = {isa = PBXBuildFile; fileRef = F7A3F2CD2B7BD7A400B5A398 /* LaunchScreen.storyboard */; };
		F7BDB4002BC58EC700470155 /* ProgressHUD in Frameworks */ = {isa = PBXBuildFile; productRef = F7BDB3FF2BC58EC700470155 /* ProgressHUD */; };
		F7BDB4032BC5B2C900470155 /* UIBlockingProgressHUD.swift in Sources */ = {isa = PBXBuildFile; fileRef = F7BDB4022BC5B2C900470155 /* UIBlockingProgressHUD.swift */; };
		F7D402272C0E43A500744803 /* ProfileService.swift in Sources */ = {isa = PBXBuildFile; fileRef = F7D402262C0E43A500744803 /* ProfileService.swift */; };
		F7D4022D2C10CD5200744803 /* ProfileImageService.swift in Sources */ = {isa = PBXBuildFile; fileRef = F7D4022C2C10CD5200744803 /* ProfileImageService.swift */; };
		F7E71CC92BBD45CC0094DE5A /* OAuth2Service.swift in Sources */ = {isa = PBXBuildFile; fileRef = F7E71CC82BBD45CC0094DE5A /* OAuth2Service.swift */; };
		F7E71CCB2BBD5A790094DE5A /* URLSession+data.swift in Sources */ = {isa = PBXBuildFile; fileRef = F7E71CCA2BBD5A790094DE5A /* URLSession+data.swift */; };
		F7E71CCD2BBD67F60094DE5A /* OAuth2TokenStorage.swift in Sources */ = {isa = PBXBuildFile; fileRef = F7E71CCC2BBD67F60094DE5A /* OAuth2TokenStorage.swift */; };
		F7E71CD02BBD73C40094DE5A /* SplashViewController.swift in Sources */ = {isa = PBXBuildFile; fileRef = F7E71CCF2BBD73C40094DE5A /* SplashViewController.swift */; };
		F7EEBB432C31A9A100CAA519 /* ImagesListService.swift in Sources */ = {isa = PBXBuildFile; fileRef = F7EEBB422C31A9A100CAA519 /* ImagesListService.swift */; };
		F7EEBB452C31AC1E00CAA519 /* PhotoResult.swift in Sources */ = {isa = PBXBuildFile; fileRef = F7EEBB442C31AC1E00CAA519 /* PhotoResult.swift */; };
		F7EEBB472C31ACAF00CAA519 /* UrlsResult.swift in Sources */ = {isa = PBXBuildFile; fileRef = F7EEBB462C31ACAF00CAA519 /* UrlsResult.swift */; };
		F7EEBB492C31AD4B00CAA519 /* Photos.swift in Sources */ = {isa = PBXBuildFile; fileRef = F7EEBB482C31AD4B00CAA519 /* Photos.swift */; };
		F7F0A2F52BA44ABC005506F9 /* WebViewViewController.swift in Sources */ = {isa = PBXBuildFile; fileRef = F7F0A2F42BA44ABC005506F9 /* WebViewViewController.swift */; };
/* End PBXBuildFile section */

/* Begin PBXContainerItemProxy section */
		F790F7A82C4D7FED00CF454D /* PBXContainerItemProxy */ = {
			isa = PBXContainerItemProxy;
			containerPortal = F7A3F2B72B7BD7A200B5A398 /* Project object */;
			proxyType = 1;
			remoteGlobalIDString = F7A3F2BE2B7BD7A200B5A398;
			remoteInfo = image_feed;
		};
/* End PBXContainerItemProxy section */

/* Begin PBXFileReference section */
		F700B2172B8B9B8100FA62B2 /* SingleImageViewController.swift */ = {isa = PBXFileReference; lastKnownFileType = sourcecode.swift; path = SingleImageViewController.swift; sourceTree = "<group>"; };
		F712392F2BC0B17300C7FE19 /* NetworkError.swift */ = {isa = PBXFileReference; lastKnownFileType = sourcecode.swift; path = NetworkError.swift; sourceTree = "<group>"; };
		F71239322BC0B26B00C7FE19 /* OAuthTokenResponseBody.swift */ = {isa = PBXFileReference; lastKnownFileType = sourcecode.swift; path = OAuthTokenResponseBody.swift; sourceTree = "<group>"; };
		F71239342BC0B79F00C7FE19 /* OAuthError.swift */ = {isa = PBXFileReference; lastKnownFileType = sourcecode.swift; path = OAuthError.swift; sourceTree = "<group>"; };
		F7308B4B2C45D8570099B0FD /* PhotoMapper.swift */ = {isa = PBXFileReference; lastKnownFileType = sourcecode.swift; path = PhotoMapper.swift; sourceTree = "<group>"; };
		F736755A2B9FA75F006394E7 /* AuthConfiguration.swift */ = {isa = PBXFileReference; lastKnownFileType = sourcecode.swift; path = AuthConfiguration.swift; sourceTree = "<group>"; };
		F73753D42B8B753F002019FC /* ProfileViewController.swift */ = {isa = PBXFileReference; lastKnownFileType = sourcecode.swift; path = ProfileViewController.swift; sourceTree = "<group>"; };
		F74DDBC42B89FDF8003998F4 /* ImagesListCell.swift */ = {isa = PBXFileReference; lastKnownFileType = sourcecode.swift; path = ImagesListCell.swift; sourceTree = "<group>"; };
		F7651C912C42C34D00AE8E91 /* ProfileLogoutService.swift */ = {isa = PBXFileReference; lastKnownFileType = sourcecode.swift; path = ProfileLogoutService.swift; sourceTree = "<group>"; };
		F775AFC82BA0C59E00114C6B /* AuthViewController.swift */ = {isa = PBXFileReference; lastKnownFileType = sourcecode.swift; path = AuthViewController.swift; sourceTree = "<group>"; };
		F78183572C1F4C0900524F5A /* AlertPresenter.swift */ = {isa = PBXFileReference; lastKnownFileType = sourcecode.swift; path = AlertPresenter.swift; sourceTree = "<group>"; };
		F78183602C2A29B500524F5A /* TabBarController.swift */ = {isa = PBXFileReference; lastKnownFileType = sourcecode.swift; path = TabBarController.swift; sourceTree = "<group>"; };
		F790F79C2C4D603B00CF454D /* WebViewPresenter.swift */ = {isa = PBXFileReference; lastKnownFileType = sourcecode.swift; path = WebViewPresenter.swift; sourceTree = "<group>"; };
		F790F79E2C4D7A0A00CF454D /* AuthHelper.swift */ = {isa = PBXFileReference; lastKnownFileType = sourcecode.swift; path = AuthHelper.swift; sourceTree = "<group>"; };
		F790F7A42C4D7FED00CF454D /* image_feedTests.xctest */ = {isa = PBXFileReference; explicitFileType = wrapper.cfbundle; includeInIndex = 0; path = image_feedTests.xctest; sourceTree = BUILT_PRODUCTS_DIR; };
		F790F7A62C4D7FED00CF454D /* WebViewTests.swift */ = {isa = PBXFileReference; lastKnownFileType = sourcecode.swift; path = WebViewTests.swift; sourceTree = "<group>"; };
		F790F7AD2C4D81A900CF454D /* WebViewPresenterSpy.swift */ = {isa = PBXFileReference; lastKnownFileType = sourcecode.swift; path = WebViewPresenterSpy.swift; sourceTree = "<group>"; };
		F790F7AF2C4D837000CF454D /* WebViewViewControllerSpy.swift */ = {isa = PBXFileReference; lastKnownFileType = sourcecode.swift; path = WebViewViewControllerSpy.swift; sourceTree = "<group>"; };
		F790F7B32C4DBEAE00CF454D /* ProfilePresenter.swift */ = {isa = PBXFileReference; lastKnownFileType = sourcecode.swift; path = ProfilePresenter.swift; sourceTree = "<group>"; };
		F790F7B52C4DC0E000CF454D /* Profile.swift */ = {isa = PBXFileReference; lastKnownFileType = sourcecode.swift; path = Profile.swift; sourceTree = "<group>"; };
		F790F7B72C4DC14100CF454D /* ProfileResult.swift */ = {isa = PBXFileReference; lastKnownFileType = sourcecode.swift; path = ProfileResult.swift; sourceTree = "<group>"; };
		F7A3F2BF2B7BD7A200B5A398 /* image_feed.app */ = {isa = PBXFileReference; explicitFileType = wrapper.application; includeInIndex = 0; path = image_feed.app; sourceTree = BUILT_PRODUCTS_DIR; };
		F7A3F2C22B7BD7A200B5A398 /* AppDelegate.swift */ = {isa = PBXFileReference; lastKnownFileType = sourcecode.swift; path = AppDelegate.swift; sourceTree = "<group>"; };
		F7A3F2C42B7BD7A200B5A398 /* SceneDelegate.swift */ = {isa = PBXFileReference; lastKnownFileType = sourcecode.swift; path = SceneDelegate.swift; sourceTree = "<group>"; };
		F7A3F2C62B7BD7A200B5A398 /* ImagesListViewController.swift */ = {isa = PBXFileReference; lastKnownFileType = sourcecode.swift; path = ImagesListViewController.swift; sourceTree = "<group>"; };
		F7A3F2C92B7BD7A200B5A398 /* Base */ = {isa = PBXFileReference; lastKnownFileType = file.storyboard; name = Base; path = Base.lproj/Main.storyboard; sourceTree = "<group>"; };
		F7A3F2CB2B7BD7A400B5A398 /* Assets.xcassets */ = {isa = PBXFileReference; lastKnownFileType = folder.assetcatalog; path = Assets.xcassets; sourceTree = "<group>"; };
		F7A3F2CE2B7BD7A400B5A398 /* Base */ = {isa = PBXFileReference; lastKnownFileType = file.storyboard; name = Base; path = Base.lproj/LaunchScreen.storyboard; sourceTree = "<group>"; };
		F7A3F2D02B7BD7A400B5A398 /* Info.plist */ = {isa = PBXFileReference; lastKnownFileType = text.plist.xml; path = Info.plist; sourceTree = "<group>"; };
		F7BDB4022BC5B2C900470155 /* UIBlockingProgressHUD.swift */ = {isa = PBXFileReference; lastKnownFileType = sourcecode.swift; path = UIBlockingProgressHUD.swift; sourceTree = "<group>"; };
		F7D402262C0E43A500744803 /* ProfileService.swift */ = {isa = PBXFileReference; lastKnownFileType = sourcecode.swift; path = ProfileService.swift; sourceTree = "<group>"; };
		F7D4022C2C10CD5200744803 /* ProfileImageService.swift */ = {isa = PBXFileReference; lastKnownFileType = sourcecode.swift; path = ProfileImageService.swift; sourceTree = "<group>"; };
		F7E71CC82BBD45CC0094DE5A /* OAuth2Service.swift */ = {isa = PBXFileReference; lastKnownFileType = sourcecode.swift; path = OAuth2Service.swift; sourceTree = "<group>"; };
		F7E71CCA2BBD5A790094DE5A /* URLSession+data.swift */ = {isa = PBXFileReference; lastKnownFileType = sourcecode.swift; path = "URLSession+data.swift"; sourceTree = "<group>"; };
		F7E71CCC2BBD67F60094DE5A /* OAuth2TokenStorage.swift */ = {isa = PBXFileReference; lastKnownFileType = sourcecode.swift; path = OAuth2TokenStorage.swift; sourceTree = "<group>"; };
		F7E71CCF2BBD73C40094DE5A /* SplashViewController.swift */ = {isa = PBXFileReference; lastKnownFileType = sourcecode.swift; path = SplashViewController.swift; sourceTree = "<group>"; };
		F7EEBB422C31A9A100CAA519 /* ImagesListService.swift */ = {isa = PBXFileReference; lastKnownFileType = sourcecode.swift; path = ImagesListService.swift; sourceTree = "<group>"; };
		F7EEBB442C31AC1E00CAA519 /* PhotoResult.swift */ = {isa = PBXFileReference; lastKnownFileType = sourcecode.swift; path = PhotoResult.swift; sourceTree = "<group>"; };
		F7EEBB462C31ACAF00CAA519 /* UrlsResult.swift */ = {isa = PBXFileReference; lastKnownFileType = sourcecode.swift; path = UrlsResult.swift; sourceTree = "<group>"; };
		F7EEBB482C31AD4B00CAA519 /* Photos.swift */ = {isa = PBXFileReference; lastKnownFileType = sourcecode.swift; path = Photos.swift; sourceTree = "<group>"; };
		F7F0A2F42BA44ABC005506F9 /* WebViewViewController.swift */ = {isa = PBXFileReference; lastKnownFileType = sourcecode.swift; path = WebViewViewController.swift; sourceTree = "<group>"; };
/* End PBXFileReference section */

/* Begin PBXFrameworksBuildPhase section */
		F790F7A12C4D7FED00CF454D /* Frameworks */ = {
			isa = PBXFrameworksBuildPhase;
			buildActionMask = 2147483647;
			files = (
			);
			runOnlyForDeploymentPostprocessing = 0;
		};
		F7A3F2BC2B7BD7A200B5A398 /* Frameworks */ = {
			isa = PBXFrameworksBuildPhase;
			buildActionMask = 2147483647;
			files = (
				F781835B2C28B38500524F5A /* Kingfisher in Frameworks */,
				F7BDB4002BC58EC700470155 /* ProgressHUD in Frameworks */,
				F781835E2C2A155400524F5A /* SwiftKeychainWrapper in Frameworks */,
			);
			runOnlyForDeploymentPostprocessing = 0;
		};
/* End PBXFrameworksBuildPhase section */

/* Begin PBXGroup section */
		F71239312BC0B18D00C7FE19 /* Models+Structs+Classes+Enums */ = {
			isa = PBXGroup;
			children = (
				F712392F2BC0B17300C7FE19 /* NetworkError.swift */,
				F71239322BC0B26B00C7FE19 /* OAuthTokenResponseBody.swift */,
				F71239342BC0B79F00C7FE19 /* OAuthError.swift */,
			);
			path = "Models+Structs+Classes+Enums";
			sourceTree = "<group>";
		};
		F72C26782B8CC88300ADF2B1 /* SingleImageView */ = {
			isa = PBXGroup;
			children = (
				F700B2172B8B9B8100FA62B2 /* SingleImageViewController.swift */,
			);
			path = SingleImageView;
			sourceTree = "<group>";
		};
		F73753D32B8B751D002019FC /* Profile */ = {
			isa = PBXGroup;
			children = (
				F73753D42B8B753F002019FC /* ProfileViewController.swift */,
				F7D402262C0E43A500744803 /* ProfileService.swift */,
				F7D4022C2C10CD5200744803 /* ProfileImageService.swift */,
				F7651C912C42C34D00AE8E91 /* ProfileLogoutService.swift */,
				F790F7B32C4DBEAE00CF454D /* ProfilePresenter.swift */,
				F790F7B52C4DC0E000CF454D /* Profile.swift */,
				F790F7B72C4DC14100CF454D /* ProfileResult.swift */,
			);
			path = Profile;
			sourceTree = "<group>";
		};
		F74DDBC72B89FE47003998F4 /* ImageList */ = {
			isa = PBXGroup;
			children = (
				F7A3F2C62B7BD7A200B5A398 /* ImagesListViewController.swift */,
				F74DDBC42B89FDF8003998F4 /* ImagesListCell.swift */,
				F7EEBB422C31A9A100CAA519 /* ImagesListService.swift */,
			);
			path = ImageList;
			sourceTree = "<group>";
		};
		F775AFCA2BA0C5C800114C6B /* Auth */ = {
			isa = PBXGroup;
			children = (
				F775AFC82BA0C59E00114C6B /* AuthViewController.swift */,
				F7F0A2F42BA44ABC005506F9 /* WebViewViewController.swift */,
				F7E71CC82BBD45CC0094DE5A /* OAuth2Service.swift */,
				F7E71CCA2BBD5A790094DE5A /* URLSession+data.swift */,
				F7E71CCC2BBD67F60094DE5A /* OAuth2TokenStorage.swift */,
				F78183572C1F4C0900524F5A /* AlertPresenter.swift */,
				F790F79C2C4D603B00CF454D /* WebViewPresenter.swift */,
				F790F79E2C4D7A0A00CF454D /* AuthHelper.swift */,
			);
			path = Auth;
			sourceTree = "<group>";
		};
		F781835F2C2A298400524F5A /* TabBarController */ = {
			isa = PBXGroup;
			children = (
				F78183602C2A29B500524F5A /* TabBarController.swift */,
			);
			path = TabBarController;
			sourceTree = "<group>";
		};
		F790F7A52C4D7FED00CF454D /* image_feedTests */ = {
			isa = PBXGroup;
			children = (
				F790F7A62C4D7FED00CF454D /* WebViewTests.swift */,
				F790F7AD2C4D81A900CF454D /* WebViewPresenterSpy.swift */,
				F790F7AF2C4D837000CF454D /* WebViewViewControllerSpy.swift */,
			);
			path = image_feedTests;
			sourceTree = "<group>";
		};
		F7A3F2B62B7BD7A200B5A398 = {
			isa = PBXGroup;
			children = (
				F7A3F2C12B7BD7A200B5A398 /* image_feed */,
				F790F7A52C4D7FED00CF454D /* image_feedTests */,
				F7A3F2C02B7BD7A200B5A398 /* Products */,
			);
			sourceTree = "<group>";
		};
		F7A3F2C02B7BD7A200B5A398 /* Products */ = {
			isa = PBXGroup;
			children = (
				F7A3F2BF2B7BD7A200B5A398 /* image_feed.app */,
				F790F7A42C4D7FED00CF454D /* image_feedTests.xctest */,
			);
			name = Products;
			sourceTree = "<group>";
		};
		F7A3F2C12B7BD7A200B5A398 /* image_feed */ = {
			isa = PBXGroup;
			children = (
				F781835F2C2A298400524F5A /* TabBarController */,
				F72C26782B8CC88300ADF2B1 /* SingleImageView */,
				F73753D32B8B751D002019FC /* Profile */,
				F74DDBC72B89FE47003998F4 /* ImageList */,
				F7A3F2C22B7BD7A200B5A398 /* AppDelegate.swift */,
				F7A3F2C42B7BD7A200B5A398 /* SceneDelegate.swift */,
				F736755A2B9FA75F006394E7 /* AuthConfiguration.swift */,
				F7EEBB442C31AC1E00CAA519 /* PhotoResult.swift */,
				F7EEBB462C31ACAF00CAA519 /* UrlsResult.swift */,
				F7EEBB482C31AD4B00CAA519 /* Photos.swift */,
				F7308B4B2C45D8570099B0FD /* PhotoMapper.swift */,
				F7A3F2C82B7BD7A200B5A398 /* Main.storyboard */,
				F775AFCA2BA0C5C800114C6B /* Auth */,
				F7A3F2CB2B7BD7A400B5A398 /* Assets.xcassets */,
				F7E71CCE2BBD73820094DE5A /* SplashViewController */,
				F7A3F2CD2B7BD7A400B5A398 /* LaunchScreen.storyboard */,
				F7A3F2D02B7BD7A400B5A398 /* Info.plist */,
				F7BDB4012BC5B29600470155 /* UIBlockingProgressHUD */,
				F71239312BC0B18D00C7FE19 /* Models+Structs+Classes+Enums */,
			);
			path = image_feed;
			sourceTree = "<group>";
		};
		F7BDB4012BC5B29600470155 /* UIBlockingProgressHUD */ = {
			isa = PBXGroup;
			children = (
				F7BDB4022BC5B2C900470155 /* UIBlockingProgressHUD.swift */,
			);
			path = UIBlockingProgressHUD;
			sourceTree = "<group>";
		};
		F7E71CCE2BBD73820094DE5A /* SplashViewController */ = {
			isa = PBXGroup;
			children = (
				F7E71CCF2BBD73C40094DE5A /* SplashViewController.swift */,
			);
			path = SplashViewController;
			sourceTree = "<group>";
		};
/* End PBXGroup section */

/* Begin PBXNativeTarget section */
		F790F7A32C4D7FED00CF454D /* image_feedTests */ = {
			isa = PBXNativeTarget;
			buildConfigurationList = F790F7AA2C4D7FED00CF454D /* Build configuration list for PBXNativeTarget "image_feedTests" */;
			buildPhases = (
				F790F7A02C4D7FED00CF454D /* Sources */,
				F790F7A12C4D7FED00CF454D /* Frameworks */,
				F790F7A22C4D7FED00CF454D /* Resources */,
			);
			buildRules = (
			);
			dependencies = (
				F790F7A92C4D7FED00CF454D /* PBXTargetDependency */,
			);
			name = image_feedTests;
			productName = image_feedTests;
			productReference = F790F7A42C4D7FED00CF454D /* image_feedTests.xctest */;
			productType = "com.apple.product-type.bundle.unit-test";
		};
		F7A3F2BE2B7BD7A200B5A398 /* image_feed */ = {
			isa = PBXNativeTarget;
			buildConfigurationList = F7A3F2D32B7BD7A400B5A398 /* Build configuration list for PBXNativeTarget "image_feed" */;
			buildPhases = (
				F7A3F2BB2B7BD7A200B5A398 /* Sources */,
				F7A3F2BC2B7BD7A200B5A398 /* Frameworks */,
				F7A3F2BD2B7BD7A200B5A398 /* Resources */,
			);
			buildRules = (
			);
			dependencies = (
			);
			name = image_feed;
			packageProductDependencies = (
				F7BDB3FF2BC58EC700470155 /* ProgressHUD */,
				F781835A2C28B38500524F5A /* Kingfisher */,
				F781835D2C2A155400524F5A /* SwiftKeychainWrapper */,
			);
			productName = image_feed;
			productReference = F7A3F2BF2B7BD7A200B5A398 /* image_feed.app */;
			productType = "com.apple.product-type.application";
		};
/* End PBXNativeTarget section */

/* Begin PBXProject section */
		F7A3F2B72B7BD7A200B5A398 /* Project object */ = {
			isa = PBXProject;
			attributes = {
				BuildIndependentTargetsInParallel = 1;
				LastSwiftUpdateCheck = 1430;
				LastUpgradeCheck = 1410;
				TargetAttributes = {
					F790F7A32C4D7FED00CF454D = {
						CreatedOnToolsVersion = 14.3.1;
						TestTargetID = F7A3F2BE2B7BD7A200B5A398;
					};
					F7A3F2BE2B7BD7A200B5A398 = {
						CreatedOnToolsVersion = 14.1;
					};
				};
			};
			buildConfigurationList = F7A3F2BA2B7BD7A200B5A398 /* Build configuration list for PBXProject "image_feed" */;
			compatibilityVersion = "Xcode 14.0";
			developmentRegion = en;
			hasScannedForEncodings = 0;
			knownRegions = (
				en,
				Base,
			);
			mainGroup = F7A3F2B62B7BD7A200B5A398;
			packageReferences = (
				F7BDB3FE2BC58EC700470155 /* XCRemoteSwiftPackageReference "ProgressHUD" */,
				F78183592C28B38500524F5A /* XCRemoteSwiftPackageReference "Kingfisher" */,
				F781835C2C2A155400524F5A /* XCRemoteSwiftPackageReference "SwiftKeychainWrapper" */,
			);
			productRefGroup = F7A3F2C02B7BD7A200B5A398 /* Products */;
			projectDirPath = "";
			projectRoot = "";
			targets = (
				F7A3F2BE2B7BD7A200B5A398 /* image_feed */,
				F790F7A32C4D7FED00CF454D /* image_feedTests */,
			);
		};
/* End PBXProject section */

/* Begin PBXResourcesBuildPhase section */
		F790F7A22C4D7FED00CF454D /* Resources */ = {
			isa = PBXResourcesBuildPhase;
			buildActionMask = 2147483647;
			files = (
			);
			runOnlyForDeploymentPostprocessing = 0;
		};
		F7A3F2BD2B7BD7A200B5A398 /* Resources */ = {
			isa = PBXResourcesBuildPhase;
			buildActionMask = 2147483647;
			files = (
				F7A3F2CF2B7BD7A400B5A398 /* LaunchScreen.storyboard in Resources */,
				F7A3F2CC2B7BD7A400B5A398 /* Assets.xcassets in Resources */,
				F7A3F2CA2B7BD7A200B5A398 /* Main.storyboard in Resources */,
			);
			runOnlyForDeploymentPostprocessing = 0;
		};
/* End PBXResourcesBuildPhase section */

/* Begin PBXSourcesBuildPhase section */
		F790F7A02C4D7FED00CF454D /* Sources */ = {
			isa = PBXSourcesBuildPhase;
			buildActionMask = 2147483647;
			files = (
				F790F7A72C4D7FED00CF454D /* WebViewTests.swift in Sources */,
				F790F7B02C4D837000CF454D /* WebViewViewControllerSpy.swift in Sources */,
				F790F7AE2C4D81A900CF454D /* WebViewPresenterSpy.swift in Sources */,
			);
			runOnlyForDeploymentPostprocessing = 0;
		};
		F7A3F2BB2B7BD7A200B5A398 /* Sources */ = {
			isa = PBXSourcesBuildPhase;
			buildActionMask = 2147483647;
			files = (
				F7EEBB472C31ACAF00CAA519 /* UrlsResult.swift in Sources */,
				F7E71CCD2BBD67F60094DE5A /* OAuth2TokenStorage.swift in Sources */,
				F790F79D2C4D603B00CF454D /* WebViewPresenter.swift in Sources */,
				F71239302BC0B17300C7FE19 /* NetworkError.swift in Sources */,
				F7A3F2C72B7BD7A200B5A398 /* ImagesListViewController.swift in Sources */,
				F74DDBC52B89FDF8003998F4 /* ImagesListCell.swift in Sources */,
				F73753D52B8B753F002019FC /* ProfileViewController.swift in Sources */,
				F7A3F2C32B7BD7A200B5A398 /* AppDelegate.swift in Sources */,
				F790F7B42C4DBEAE00CF454D /* ProfilePresenter.swift in Sources */,
				F790F7B62C4DC0E000CF454D /* Profile.swift in Sources */,
				F7EEBB452C31AC1E00CAA519 /* PhotoResult.swift in Sources */,
				F71239352BC0B79F00C7FE19 /* OAuthError.swift in Sources */,
				F7EEBB432C31A9A100CAA519 /* ImagesListService.swift in Sources */,
				F775AFC92BA0C59E00114C6B /* AuthViewController.swift in Sources */,
				F7E71CD02BBD73C40094DE5A /* SplashViewController.swift in Sources */,
				F736755B2B9FA75F006394E7 /* AuthConfiguration.swift in Sources */,
				F790F79F2C4D7A0A00CF454D /* AuthHelper.swift in Sources */,
				F700B2182B8B9B8100FA62B2 /* SingleImageViewController.swift in Sources */,
				F7D4022D2C10CD5200744803 /* ProfileImageService.swift in Sources */,
				F7651C922C42C34D00AE8E91 /* ProfileLogoutService.swift in Sources */,
				F7D402272C0E43A500744803 /* ProfileService.swift in Sources */,
				F7E71CCB2BBD5A790094DE5A /* URLSession+data.swift in Sources */,
				F7F0A2F52BA44ABC005506F9 /* WebViewViewController.swift in Sources */,
				F7EEBB492C31AD4B00CAA519 /* Photos.swift in Sources */,
				F78183582C1F4C0900524F5A /* AlertPresenter.swift in Sources */,
				F7308B4C2C45D8570099B0FD /* PhotoMapper.swift in Sources */,
				F7E71CC92BBD45CC0094DE5A /* OAuth2Service.swift in Sources */,
				F7A3F2C52B7BD7A200B5A398 /* SceneDelegate.swift in Sources */,
				F78183612C2A29B500524F5A /* TabBarController.swift in Sources */,
				F71239332BC0B26B00C7FE19 /* OAuthTokenResponseBody.swift in Sources */,
				F790F7B82C4DC14100CF454D /* ProfileResult.swift in Sources */,
				F7BDB4032BC5B2C900470155 /* UIBlockingProgressHUD.swift in Sources */,
			);
			runOnlyForDeploymentPostprocessing = 0;
		};
/* End PBXSourcesBuildPhase section */

/* Begin PBXTargetDependency section */
		F790F7A92C4D7FED00CF454D /* PBXTargetDependency */ = {
			isa = PBXTargetDependency;
			target = F7A3F2BE2B7BD7A200B5A398 /* image_feed */;
			targetProxy = F790F7A82C4D7FED00CF454D /* PBXContainerItemProxy */;
		};
/* End PBXTargetDependency section */

/* Begin PBXVariantGroup section */
		F7A3F2C82B7BD7A200B5A398 /* Main.storyboard */ = {
			isa = PBXVariantGroup;
			children = (
				F7A3F2C92B7BD7A200B5A398 /* Base */,
			);
			name = Main.storyboard;
			sourceTree = "<group>";
		};
		F7A3F2CD2B7BD7A400B5A398 /* LaunchScreen.storyboard */ = {
			isa = PBXVariantGroup;
			children = (
				F7A3F2CE2B7BD7A400B5A398 /* Base */,
			);
			name = LaunchScreen.storyboard;
			sourceTree = "<group>";
		};
/* End PBXVariantGroup section */

/* Begin XCBuildConfiguration section */
		F790F7AB2C4D7FED00CF454D /* Debug */ = {
			isa = XCBuildConfiguration;
			buildSettings = {
				BUNDLE_LOADER = "$(TEST_HOST)";
				CODE_SIGN_STYLE = Automatic;
				CURRENT_PROJECT_VERSION = 1;
				DEVELOPMENT_TEAM = 4U62Q8ST39;
				GENERATE_INFOPLIST_FILE = YES;
				IPHONEOS_DEPLOYMENT_TARGET = 16.4;
				MARKETING_VERSION = 1.0;
				PRODUCT_BUNDLE_IDENTIFIER = "ru.swiftappsme.image-feedTests";
				PRODUCT_NAME = "$(TARGET_NAME)";
				SWIFT_EMIT_LOC_STRINGS = NO;
				SWIFT_VERSION = 5.0;
				TARGETED_DEVICE_FAMILY = "1,2";
				TEST_HOST = "$(BUILT_PRODUCTS_DIR)/image_feed.app/$(BUNDLE_EXECUTABLE_FOLDER_PATH)/image_feed";
			};
			name = Debug;
		};
		F790F7AC2C4D7FED00CF454D /* Release */ = {
			isa = XCBuildConfiguration;
			buildSettings = {
				BUNDLE_LOADER = "$(TEST_HOST)";
				CODE_SIGN_STYLE = Automatic;
				CURRENT_PROJECT_VERSION = 1;
				DEVELOPMENT_TEAM = 4U62Q8ST39;
				GENERATE_INFOPLIST_FILE = YES;
				IPHONEOS_DEPLOYMENT_TARGET = 16.4;
				MARKETING_VERSION = 1.0;
				PRODUCT_BUNDLE_IDENTIFIER = "ru.swiftappsme.image-feedTests";
				PRODUCT_NAME = "$(TARGET_NAME)";
				SWIFT_EMIT_LOC_STRINGS = NO;
				SWIFT_VERSION = 5.0;
				TARGETED_DEVICE_FAMILY = "1,2";
				TEST_HOST = "$(BUILT_PRODUCTS_DIR)/image_feed.app/$(BUNDLE_EXECUTABLE_FOLDER_PATH)/image_feed";
			};
			name = Release;
		};
		F7A3F2D12B7BD7A400B5A398 /* Debug */ = {
			isa = XCBuildConfiguration;
			buildSettings = {
				ALWAYS_SEARCH_USER_PATHS = NO;
				CLANG_ANALYZER_NONNULL = YES;
				CLANG_ANALYZER_NUMBER_OBJECT_CONVERSION = YES_AGGRESSIVE;
				CLANG_CXX_LANGUAGE_STANDARD = "gnu++20";
				CLANG_ENABLE_MODULES = YES;
				CLANG_ENABLE_OBJC_ARC = YES;
				CLANG_ENABLE_OBJC_WEAK = YES;
				CLANG_WARN_BLOCK_CAPTURE_AUTORELEASING = YES;
				CLANG_WARN_BOOL_CONVERSION = YES;
				CLANG_WARN_COMMA = YES;
				CLANG_WARN_CONSTANT_CONVERSION = YES;
				CLANG_WARN_DEPRECATED_OBJC_IMPLEMENTATIONS = YES;
				CLANG_WARN_DIRECT_OBJC_ISA_USAGE = YES_ERROR;
				CLANG_WARN_DOCUMENTATION_COMMENTS = YES;
				CLANG_WARN_EMPTY_BODY = YES;
				CLANG_WARN_ENUM_CONVERSION = YES;
				CLANG_WARN_INFINITE_RECURSION = YES;
				CLANG_WARN_INT_CONVERSION = YES;
				CLANG_WARN_NON_LITERAL_NULL_CONVERSION = YES;
				CLANG_WARN_OBJC_IMPLICIT_RETAIN_SELF = YES;
				CLANG_WARN_OBJC_LITERAL_CONVERSION = YES;
				CLANG_WARN_OBJC_ROOT_CLASS = YES_ERROR;
				CLANG_WARN_QUOTED_INCLUDE_IN_FRAMEWORK_HEADER = YES;
				CLANG_WARN_RANGE_LOOP_ANALYSIS = YES;
				CLANG_WARN_STRICT_PROTOTYPES = YES;
				CLANG_WARN_SUSPICIOUS_MOVE = YES;
				CLANG_WARN_UNGUARDED_AVAILABILITY = YES_AGGRESSIVE;
				CLANG_WARN_UNREACHABLE_CODE = YES;
				CLANG_WARN__DUPLICATE_METHOD_MATCH = YES;
				COPY_PHASE_STRIP = NO;
				DEBUG_INFORMATION_FORMAT = dwarf;
				ENABLE_STRICT_OBJC_MSGSEND = YES;
				ENABLE_TESTABILITY = YES;
				GCC_C_LANGUAGE_STANDARD = gnu11;
				GCC_DYNAMIC_NO_PIC = NO;
				GCC_NO_COMMON_BLOCKS = YES;
				GCC_OPTIMIZATION_LEVEL = 0;
				GCC_PREPROCESSOR_DEFINITIONS = (
					"DEBUG=1",
					"$(inherited)",
				);
				GCC_WARN_64_TO_32_BIT_CONVERSION = YES;
				GCC_WARN_ABOUT_RETURN_TYPE = YES_ERROR;
				GCC_WARN_UNDECLARED_SELECTOR = YES;
				GCC_WARN_UNINITIALIZED_AUTOS = YES_AGGRESSIVE;
				GCC_WARN_UNUSED_FUNCTION = YES;
				GCC_WARN_UNUSED_VARIABLE = YES;
				IPHONEOS_DEPLOYMENT_TARGET = 16.1;
				MTL_ENABLE_DEBUG_INFO = INCLUDE_SOURCE;
				MTL_FAST_MATH = YES;
				ONLY_ACTIVE_ARCH = YES;
				SDKROOT = iphoneos;
				SWIFT_ACTIVE_COMPILATION_CONDITIONS = DEBUG;
				SWIFT_OPTIMIZATION_LEVEL = "-Onone";
			};
			name = Debug;
		};
		F7A3F2D22B7BD7A400B5A398 /* Release */ = {
			isa = XCBuildConfiguration;
			buildSettings = {
				ALWAYS_SEARCH_USER_PATHS = NO;
				CLANG_ANALYZER_NONNULL = YES;
				CLANG_ANALYZER_NUMBER_OBJECT_CONVERSION = YES_AGGRESSIVE;
				CLANG_CXX_LANGUAGE_STANDARD = "gnu++20";
				CLANG_ENABLE_MODULES = YES;
				CLANG_ENABLE_OBJC_ARC = YES;
				CLANG_ENABLE_OBJC_WEAK = YES;
				CLANG_WARN_BLOCK_CAPTURE_AUTORELEASING = YES;
				CLANG_WARN_BOOL_CONVERSION = YES;
				CLANG_WARN_COMMA = YES;
				CLANG_WARN_CONSTANT_CONVERSION = YES;
				CLANG_WARN_DEPRECATED_OBJC_IMPLEMENTATIONS = YES;
				CLANG_WARN_DIRECT_OBJC_ISA_USAGE = YES_ERROR;
				CLANG_WARN_DOCUMENTATION_COMMENTS = YES;
				CLANG_WARN_EMPTY_BODY = YES;
				CLANG_WARN_ENUM_CONVERSION = YES;
				CLANG_WARN_INFINITE_RECURSION = YES;
				CLANG_WARN_INT_CONVERSION = YES;
				CLANG_WARN_NON_LITERAL_NULL_CONVERSION = YES;
				CLANG_WARN_OBJC_IMPLICIT_RETAIN_SELF = YES;
				CLANG_WARN_OBJC_LITERAL_CONVERSION = YES;
				CLANG_WARN_OBJC_ROOT_CLASS = YES_ERROR;
				CLANG_WARN_QUOTED_INCLUDE_IN_FRAMEWORK_HEADER = YES;
				CLANG_WARN_RANGE_LOOP_ANALYSIS = YES;
				CLANG_WARN_STRICT_PROTOTYPES = YES;
				CLANG_WARN_SUSPICIOUS_MOVE = YES;
				CLANG_WARN_UNGUARDED_AVAILABILITY = YES_AGGRESSIVE;
				CLANG_WARN_UNREACHABLE_CODE = YES;
				CLANG_WARN__DUPLICATE_METHOD_MATCH = YES;
				COPY_PHASE_STRIP = NO;
				DEBUG_INFORMATION_FORMAT = "dwarf-with-dsym";
				ENABLE_NS_ASSERTIONS = NO;
				ENABLE_STRICT_OBJC_MSGSEND = YES;
				GCC_C_LANGUAGE_STANDARD = gnu11;
				GCC_NO_COMMON_BLOCKS = YES;
				GCC_WARN_64_TO_32_BIT_CONVERSION = YES;
				GCC_WARN_ABOUT_RETURN_TYPE = YES_ERROR;
				GCC_WARN_UNDECLARED_SELECTOR = YES;
				GCC_WARN_UNINITIALIZED_AUTOS = YES_AGGRESSIVE;
				GCC_WARN_UNUSED_FUNCTION = YES;
				GCC_WARN_UNUSED_VARIABLE = YES;
				IPHONEOS_DEPLOYMENT_TARGET = 16.1;
				MTL_ENABLE_DEBUG_INFO = NO;
				MTL_FAST_MATH = YES;
				SDKROOT = iphoneos;
				SWIFT_COMPILATION_MODE = wholemodule;
				SWIFT_OPTIMIZATION_LEVEL = "-O";
				VALIDATE_PRODUCT = YES;
			};
			name = Release;
		};
		F7A3F2D42B7BD7A400B5A398 /* Debug */ = {
			isa = XCBuildConfiguration;
			buildSettings = {
				ASSETCATALOG_COMPILER_APPICON_NAME = AppIcon;
				ASSETCATALOG_COMPILER_GLOBAL_ACCENT_COLOR_NAME = AccentColor;
				CODE_SIGN_STYLE = Automatic;
				CURRENT_PROJECT_VERSION = 1;
				DEVELOPMENT_TEAM = 4U62Q8ST39;
				GENERATE_INFOPLIST_FILE = YES;
				INFOPLIST_FILE = image_feed/Info.plist;
				INFOPLIST_KEY_UIApplicationSupportsIndirectInputEvents = YES;
				INFOPLIST_KEY_UILaunchStoryboardName = LaunchScreen;
				INFOPLIST_KEY_UIMainStoryboardFile = Main;
				INFOPLIST_KEY_UISupportedInterfaceOrientations = UIInterfaceOrientationPortrait;
				IPHONEOS_DEPLOYMENT_TARGET = 13.0;
				LD_RUNPATH_SEARCH_PATHS = (
					"$(inherited)",
					"@executable_path/Frameworks",
				);
				MARKETING_VERSION = 1.0;
				PRODUCT_BUNDLE_IDENTIFIER = "ru.Alekse1Frolov.image-feed";
				PRODUCT_NAME = "$(TARGET_NAME)";
				SUPPORTED_PLATFORMS = "iphoneos iphonesimulator";
				SUPPORTS_MACCATALYST = NO;
				SUPPORTS_MAC_DESIGNED_FOR_IPHONE_IPAD = YES;
				SWIFT_EMIT_LOC_STRINGS = YES;
				SWIFT_VERSION = 5.0;
				TARGETED_DEVICE_FAMILY = 1;
			};
			name = Debug;
		};
		F7A3F2D52B7BD7A400B5A398 /* Release */ = {
			isa = XCBuildConfiguration;
			buildSettings = {
				ASSETCATALOG_COMPILER_APPICON_NAME = AppIcon;
				ASSETCATALOG_COMPILER_GLOBAL_ACCENT_COLOR_NAME = AccentColor;
				CODE_SIGN_STYLE = Automatic;
				CURRENT_PROJECT_VERSION = 1;
				DEVELOPMENT_TEAM = 4U62Q8ST39;
				GENERATE_INFOPLIST_FILE = YES;
				INFOPLIST_FILE = image_feed/Info.plist;
				INFOPLIST_KEY_UIApplicationSupportsIndirectInputEvents = YES;
				INFOPLIST_KEY_UILaunchStoryboardName = LaunchScreen;
				INFOPLIST_KEY_UIMainStoryboardFile = Main;
				INFOPLIST_KEY_UISupportedInterfaceOrientations = UIInterfaceOrientationPortrait;
				IPHONEOS_DEPLOYMENT_TARGET = 13.0;
				LD_RUNPATH_SEARCH_PATHS = (
					"$(inherited)",
					"@executable_path/Frameworks",
				);
				MARKETING_VERSION = 1.0;
				PRODUCT_BUNDLE_IDENTIFIER = "ru.Alekse1Frolov.image-feed";
				PRODUCT_NAME = "$(TARGET_NAME)";
				SUPPORTED_PLATFORMS = "iphoneos iphonesimulator";
				SUPPORTS_MACCATALYST = NO;
				SUPPORTS_MAC_DESIGNED_FOR_IPHONE_IPAD = YES;
				SWIFT_EMIT_LOC_STRINGS = YES;
				SWIFT_VERSION = 5.0;
				TARGETED_DEVICE_FAMILY = 1;
			};
			name = Release;
		};
/* End XCBuildConfiguration section */

/* Begin XCConfigurationList section */
		F790F7AA2C4D7FED00CF454D /* Build configuration list for PBXNativeTarget "image_feedTests" */ = {
			isa = XCConfigurationList;
			buildConfigurations = (
				F790F7AB2C4D7FED00CF454D /* Debug */,
				F790F7AC2C4D7FED00CF454D /* Release */,
			);
			defaultConfigurationIsVisible = 0;
			defaultConfigurationName = Release;
		};
		F7A3F2BA2B7BD7A200B5A398 /* Build configuration list for PBXProject "image_feed" */ = {
			isa = XCConfigurationList;
			buildConfigurations = (
				F7A3F2D12B7BD7A400B5A398 /* Debug */,
				F7A3F2D22B7BD7A400B5A398 /* Release */,
			);
			defaultConfigurationIsVisible = 0;
			defaultConfigurationName = Release;
		};
		F7A3F2D32B7BD7A400B5A398 /* Build configuration list for PBXNativeTarget "image_feed" */ = {
			isa = XCConfigurationList;
			buildConfigurations = (
				F7A3F2D42B7BD7A400B5A398 /* Debug */,
				F7A3F2D52B7BD7A400B5A398 /* Release */,
			);
			defaultConfigurationIsVisible = 0;
			defaultConfigurationName = Release;
		};
/* End XCConfigurationList section */

/* Begin XCRemoteSwiftPackageReference section */
		F78183592C28B38500524F5A /* XCRemoteSwiftPackageReference "Kingfisher" */ = {
			isa = XCRemoteSwiftPackageReference;
			repositoryURL = "https://github.com/onevcat/Kingfisher.git";
			requirement = {
				kind = upToNextMajorVersion;
				minimumVersion = 7.0.0;
			};
		};
		F781835C2C2A155400524F5A /* XCRemoteSwiftPackageReference "SwiftKeychainWrapper" */ = {
			isa = XCRemoteSwiftPackageReference;
			repositoryURL = "https://github.com/jrendel/SwiftKeychainWrapper";
			requirement = {
				kind = upToNextMajorVersion;
				minimumVersion = 4.0.0;
			};
		};
		F7BDB3FE2BC58EC700470155 /* XCRemoteSwiftPackageReference "ProgressHUD" */ = {
			isa = XCRemoteSwiftPackageReference;
			repositoryURL = "https://github.com/relatedcode/ProgressHUD";
			requirement = {
				kind = upToNextMajorVersion;
				minimumVersion = 13.6.1;
			};
		};
/* End XCRemoteSwiftPackageReference section */

/* Begin XCSwiftPackageProductDependency section */
		F781835A2C28B38500524F5A /* Kingfisher */ = {
			isa = XCSwiftPackageProductDependency;
			package = F78183592C28B38500524F5A /* XCRemoteSwiftPackageReference "Kingfisher" */;
			productName = Kingfisher;
		};
		F781835D2C2A155400524F5A /* SwiftKeychainWrapper */ = {
			isa = XCSwiftPackageProductDependency;
			package = F781835C2C2A155400524F5A /* XCRemoteSwiftPackageReference "SwiftKeychainWrapper" */;
			productName = SwiftKeychainWrapper;
		};
		F7BDB3FF2BC58EC700470155 /* ProgressHUD */ = {
			isa = XCSwiftPackageProductDependency;
			package = F7BDB3FE2BC58EC700470155 /* XCRemoteSwiftPackageReference "ProgressHUD" */;
			productName = ProgressHUD;
		};
/* End XCSwiftPackageProductDependency section */
	};
	rootObject = F7A3F2B72B7BD7A200B5A398 /* Project object */;
}
