// !$*UTF8*$!
{
	archiveVersion = 1;
	classes = {
	};
	objectVersion = 56;
	objects = {

/* Begin PBXBuildFile section */
		F700B2182B8B9B8100FA62B2 /* SingleImageViewController.swift in Sources */ = {isa = PBXBuildFile; fileRef = F700B2172B8B9B8100FA62B2 /* SingleImageViewController.swift */; };
		F736755B2B9FA75F006394E7 /* Constants.swift in Sources */ = {isa = PBXBuildFile; fileRef = F736755A2B9FA75F006394E7 /* Constants.swift */; };
		F73753D52B8B753F002019FC /* ProfileViewController.swift in Sources */ = {isa = PBXBuildFile; fileRef = F73753D42B8B753F002019FC /* ProfileViewController.swift */; };
		F74DDBC52B89FDF8003998F4 /* ImagesListCell.swift in Sources */ = {isa = PBXBuildFile; fileRef = F74DDBC42B89FDF8003998F4 /* ImagesListCell.swift */; };
		F775AFC92BA0C59E00114C6B /* AuthViewController.swift in Sources */ = {isa = PBXBuildFile; fileRef = F775AFC82BA0C59E00114C6B /* AuthViewController.swift */; };
		F7A3F2C32B7BD7A200B5A398 /* AppDelegate.swift in Sources */ = {isa = PBXBuildFile; fileRef = F7A3F2C22B7BD7A200B5A398 /* AppDelegate.swift */; };
		F7A3F2C52B7BD7A200B5A398 /* SceneDelegate.swift in Sources */ = {isa = PBXBuildFile; fileRef = F7A3F2C42B7BD7A200B5A398 /* SceneDelegate.swift */; };
		F7A3F2C72B7BD7A200B5A398 /* ImagesListViewController.swift in Sources */ = {isa = PBXBuildFile; fileRef = F7A3F2C62B7BD7A200B5A398 /* ImagesListViewController.swift */; };
		F7A3F2CA2B7BD7A200B5A398 /* Main.storyboard in Resources */ = {isa = PBXBuildFile; fileRef = F7A3F2C82B7BD7A200B5A398 /* Main.storyboard */; };
		F7A3F2CC2B7BD7A400B5A398 /* Assets.xcassets in Resources */ = {isa = PBXBuildFile; fileRef = F7A3F2CB2B7BD7A400B5A398 /* Assets.xcassets */; };
		F7A3F2CF2B7BD7A400B5A398 /* LaunchScreen.storyboard in Resources */ = {isa = PBXBuildFile; fileRef = F7A3F2CD2B7BD7A400B5A398 /* LaunchScreen.storyboard */; };
/* End PBXBuildFile section */

/* Begin PBXFileReference section */
		F700B2172B8B9B8100FA62B2 /* SingleImageViewController.swift */ = {isa = PBXFileReference; lastKnownFileType = sourcecode.swift; path = SingleImageViewController.swift; sourceTree = "<group>"; };
		F736755A2B9FA75F006394E7 /* Constants.swift */ = {isa = PBXFileReference; lastKnownFileType = sourcecode.swift; path = Constants.swift; sourceTree = "<group>"; };
		F73753D42B8B753F002019FC /* ProfileViewController.swift */ = {isa = PBXFileReference; lastKnownFileType = sourcecode.swift; path = ProfileViewController.swift; sourceTree = "<group>"; };
		F74DDBC42B89FDF8003998F4 /* ImagesListCell.swift */ = {isa = PBXFileReference; lastKnownFileType = sourcecode.swift; path = ImagesListCell.swift; sourceTree = "<group>"; };
		F775AFC82BA0C59E00114C6B /* AuthViewController.swift */ = {isa = PBXFileReference; lastKnownFileType = sourcecode.swift; path = AuthViewController.swift; sourceTree = "<group>"; };
		F7A3F2BF2B7BD7A200B5A398 /* image_feed.app */ = {isa = PBXFileReference; explicitFileType = wrapper.application; includeInIndex = 0; path = image_feed.app; sourceTree = BUILT_PRODUCTS_DIR; };
		F7A3F2C22B7BD7A200B5A398 /* AppDelegate.swift */ = {isa = PBXFileReference; lastKnownFileType = sourcecode.swift; path = AppDelegate.swift; sourceTree = "<group>"; };
		F7A3F2C42B7BD7A200B5A398 /* SceneDelegate.swift */ = {isa = PBXFileReference; lastKnownFileType = sourcecode.swift; path = SceneDelegate.swift; sourceTree = "<group>"; };
		F7A3F2C62B7BD7A200B5A398 /* ImagesListViewController.swift */ = {isa = PBXFileReference; lastKnownFileType = sourcecode.swift; path = ImagesListViewController.swift; sourceTree = "<group>"; };
		F7A3F2C92B7BD7A200B5A398 /* Base */ = {isa = PBXFileReference; lastKnownFileType = file.storyboard; name = Base; path = Base.lproj/Main.storyboard; sourceTree = "<group>"; };
		F7A3F2CB2B7BD7A400B5A398 /* Assets.xcassets */ = {isa = PBXFileReference; lastKnownFileType = folder.assetcatalog; path = Assets.xcassets; sourceTree = "<group>"; };
		F7A3F2CE2B7BD7A400B5A398 /* Base */ = {isa = PBXFileReference; lastKnownFileType = file.storyboard; name = Base; path = Base.lproj/LaunchScreen.storyboard; sourceTree = "<group>"; };
		F7A3F2D02B7BD7A400B5A398 /* Info.plist */ = {isa = PBXFileReference; lastKnownFileType = text.plist.xml; path = Info.plist; sourceTree = "<group>"; };
/* End PBXFileReference section */

/* Begin PBXFrameworksBuildPhase section */
		F7A3F2BC2B7BD7A200B5A398 /* Frameworks */ = {
			isa = PBXFrameworksBuildPhase;
			buildActionMask = 2147483647;
			files = (
			);
			runOnlyForDeploymentPostprocessing = 0;
		};
/* End PBXFrameworksBuildPhase section */

/* Begin PBXGroup section */
		F72C26782B8CC88300ADF2B1 /* SingleImageView */ = {
			isa = PBXGroup;
			children = (
				F700B2172B8B9B8100FA62B2 /* SingleImageViewController.swift */,
			);
			path = SingleImageView;
			sourceTree = "<group>";
		};
		F73753D32B8B751D002019FC /* Profile */ = {
			isa = PBXGroup;
			children = (
				F73753D42B8B753F002019FC /* ProfileViewController.swift */,
			);
			path = Profile;
			sourceTree = "<group>";
		};
		F74DDBC72B89FE47003998F4 /* ImageList */ = {
			isa = PBXGroup;
			children = (
				F7A3F2C62B7BD7A200B5A398 /* ImagesListViewController.swift */,
				F74DDBC42B89FDF8003998F4 /* ImagesListCell.swift */,
			);
			path = ImageList;
			sourceTree = "<group>";
		};
		F775AFCA2BA0C5C800114C6B /* Auth */ = {
			isa = PBXGroup;
			children = (
				F775AFC82BA0C59E00114C6B /* AuthViewController.swift */,
			);
			path = Auth;
			sourceTree = "<group>";
		};
		F7A3F2B62B7BD7A200B5A398 = {
			isa = PBXGroup;
			children = (
				F7A3F2C12B7BD7A200B5A398 /* image_feed */,
				F7A3F2C02B7BD7A200B5A398 /* Products */,
			);
			sourceTree = "<group>";
		};
		F7A3F2C02B7BD7A200B5A398 /* Products */ = {
			isa = PBXGroup;
			children = (
				F7A3F2BF2B7BD7A200B5A398 /* image_feed.app */,
			);
			name = Products;
			sourceTree = "<group>";
		};
		F7A3F2C12B7BD7A200B5A398 /* image_feed */ = {
			isa = PBXGroup;
			children = (
				F72C26782B8CC88300ADF2B1 /* SingleImageView */,
				F73753D32B8B751D002019FC /* Profile */,
				F74DDBC72B89FE47003998F4 /* ImageList */,
				F7A3F2C22B7BD7A200B5A398 /* AppDelegate.swift */,
				F7A3F2C42B7BD7A200B5A398 /* SceneDelegate.swift */,
				F736755A2B9FA75F006394E7 /* Constants.swift */,
				F7A3F2C82B7BD7A200B5A398 /* Main.storyboard */,
				F775AFCA2BA0C5C800114C6B /* Auth */,
				F7A3F2CB2B7BD7A400B5A398 /* Assets.xcassets */,
				F7A3F2CD2B7BD7A400B5A398 /* LaunchScreen.storyboard */,
				F7A3F2D02B7BD7A400B5A398 /* Info.plist */,
			);
			path = image_feed;
			sourceTree = "<group>";
		};
/* End PBXGroup section */

/* Begin PBXNativeTarget section */
		F7A3F2BE2B7BD7A200B5A398 /* image_feed */ = {
			isa = PBXNativeTarget;
			buildConfigurationList = F7A3F2D32B7BD7A400B5A398 /* Build configuration list for PBXNativeTarget "image_feed" */;
			buildPhases = (
				F7A3F2BB2B7BD7A200B5A398 /* Sources */,
				F7A3F2BC2B7BD7A200B5A398 /* Frameworks */,
				F7A3F2BD2B7BD7A200B5A398 /* Resources */,
			);
			buildRules = (
			);
			dependencies = (
			);
			name = image_feed;
			productName = image_feed;
			productReference = F7A3F2BF2B7BD7A200B5A398 /* image_feed.app */;
			productType = "com.apple.product-type.application";
		};
/* End PBXNativeTarget section */

/* Begin PBXProject section */
		F7A3F2B72B7BD7A200B5A398 /* Project object */ = {
			isa = PBXProject;
			attributes = {
				BuildIndependentTargetsInParallel = 1;
				LastSwiftUpdateCheck = 1410;
				LastUpgradeCheck = 1410;
				TargetAttributes = {
					F7A3F2BE2B7BD7A200B5A398 = {
						CreatedOnToolsVersion = 14.1;
					};
				};
			};
			buildConfigurationList = F7A3F2BA2B7BD7A200B5A398 /* Build configuration list for PBXProject "image_feed" */;
			compatibilityVersion = "Xcode 14.0";
			developmentRegion = en;
			hasScannedForEncodings = 0;
			knownRegions = (
				en,
				Base,
			);
			mainGroup = F7A3F2B62B7BD7A200B5A398;
			productRefGroup = F7A3F2C02B7BD7A200B5A398 /* Products */;
			projectDirPath = "";
			projectRoot = "";
			targets = (
				F7A3F2BE2B7BD7A200B5A398 /* image_feed */,
			);
		};
/* End PBXProject section */

/* Begin PBXResourcesBuildPhase section */
		F7A3F2BD2B7BD7A200B5A398 /* Resources */ = {
			isa = PBXResourcesBuildPhase;
			buildActionMask = 2147483647;
			files = (
				F7A3F2CF2B7BD7A400B5A398 /* LaunchScreen.storyboard in Resources */,
				F7A3F2CC2B7BD7A400B5A398 /* Assets.xcassets in Resources */,
				F7A3F2CA2B7BD7A200B5A398 /* Main.storyboard in Resources */,
			);
			runOnlyForDeploymentPostprocessing = 0;
		};
/* End PBXResourcesBuildPhase section */

/* Begin PBXSourcesBuildPhase section */
		F7A3F2BB2B7BD7A200B5A398 /* Sources */ = {
			isa = PBXSourcesBuildPhase;
			buildActionMask = 2147483647;
			files = (
				F7A3F2C72B7BD7A200B5A398 /* ImagesListViewController.swift in Sources */,
				F74DDBC52B89FDF8003998F4 /* ImagesListCell.swift in Sources */,
				F73753D52B8B753F002019FC /* ProfileViewController.swift in Sources */,
				F7A3F2C32B7BD7A200B5A398 /* AppDelegate.swift in Sources */,
				F775AFC92BA0C59E00114C6B /* AuthViewController.swift in Sources */,
				F736755B2B9FA75F006394E7 /* Constants.swift in Sources */,
				F700B2182B8B9B8100FA62B2 /* SingleImageViewController.swift in Sources */,
				F7A3F2C52B7BD7A200B5A398 /* SceneDelegate.swift in Sources */,
			);
			runOnlyForDeploymentPostprocessing = 0;
		};
/* End PBXSourcesBuildPhase section */

/* Begin PBXVariantGroup section */
		F7A3F2C82B7BD7A200B5A398 /* Main.storyboard */ = {
			isa = PBXVariantGroup;
			children = (
				F7A3F2C92B7BD7A200B5A398 /* Base */,
			);
			name = Main.storyboard;
			sourceTree = "<group>";
		};
		F7A3F2CD2B7BD7A400B5A398 /* LaunchScreen.storyboard */ = {
			isa = PBXVariantGroup;
			children = (
				F7A3F2CE2B7BD7A400B5A398 /* Base */,
			);
			name = LaunchScreen.storyboard;
			sourceTree = "<group>";
		};
/* End PBXVariantGroup section */

/* Begin XCBuildConfiguration section */
		F7A3F2D12B7BD7A400B5A398 /* Debug */ = {
			isa = XCBuildConfiguration;
			buildSettings = {
				ALWAYS_SEARCH_USER_PATHS = NO;
				CLANG_ANALYZER_NONNULL = YES;
				CLANG_ANALYZER_NUMBER_OBJECT_CONVERSION = YES_AGGRESSIVE;
				CLANG_CXX_LANGUAGE_STANDARD = "gnu++20";
				CLANG_ENABLE_MODULES = YES;
				CLANG_ENABLE_OBJC_ARC = YES;
				CLANG_ENABLE_OBJC_WEAK = YES;
				CLANG_WARN_BLOCK_CAPTURE_AUTORELEASING = YES;
				CLANG_WARN_BOOL_CONVERSION = YES;
				CLANG_WARN_COMMA = YES;
				CLANG_WARN_CONSTANT_CONVERSION = YES;
				CLANG_WARN_DEPRECATED_OBJC_IMPLEMENTATIONS = YES;
				CLANG_WARN_DIRECT_OBJC_ISA_USAGE = YES_ERROR;
				CLANG_WARN_DOCUMENTATION_COMMENTS = YES;
				CLANG_WARN_EMPTY_BODY = YES;
				CLANG_WARN_ENUM_CONVERSION = YES;
				CLANG_WARN_INFINITE_RECURSION = YES;
				CLANG_WARN_INT_CONVERSION = YES;
				CLANG_WARN_NON_LITERAL_NULL_CONVERSION = YES;
				CLANG_WARN_OBJC_IMPLICIT_RETAIN_SELF = YES;
				CLANG_WARN_OBJC_LITERAL_CONVERSION = YES;
				CLANG_WARN_OBJC_ROOT_CLASS = YES_ERROR;
				CLANG_WARN_QUOTED_INCLUDE_IN_FRAMEWORK_HEADER = YES;
				CLANG_WARN_RANGE_LOOP_ANALYSIS = YES;
				CLANG_WARN_STRICT_PROTOTYPES = YES;
				CLANG_WARN_SUSPICIOUS_MOVE = YES;
				CLANG_WARN_UNGUARDED_AVAILABILITY = YES_AGGRESSIVE;
				CLANG_WARN_UNREACHABLE_CODE = YES;
				CLANG_WARN__DUPLICATE_METHOD_MATCH = YES;
				COPY_PHASE_STRIP = NO;
				DEBUG_INFORMATION_FORMAT = dwarf;
				ENABLE_STRICT_OBJC_MSGSEND = YES;
				ENABLE_TESTABILITY = YES;
				GCC_C_LANGUAGE_STANDARD = gnu11;
				GCC_DYNAMIC_NO_PIC = NO;
				GCC_NO_COMMON_BLOCKS = YES;
				GCC_OPTIMIZATION_LEVEL = 0;
				GCC_PREPROCESSOR_DEFINITIONS = (
					"DEBUG=1",
					"$(inherited)",
				);
				GCC_WARN_64_TO_32_BIT_CONVERSION = YES;
				GCC_WARN_ABOUT_RETURN_TYPE = YES_ERROR;
				GCC_WARN_UNDECLARED_SELECTOR = YES;
				GCC_WARN_UNINITIALIZED_AUTOS = YES_AGGRESSIVE;
				GCC_WARN_UNUSED_FUNCTION = YES;
				GCC_WARN_UNUSED_VARIABLE = YES;
				IPHONEOS_DEPLOYMENT_TARGET = 16.1;
				MTL_ENABLE_DEBUG_INFO = INCLUDE_SOURCE;
				MTL_FAST_MATH = YES;
				ONLY_ACTIVE_ARCH = YES;
				SDKROOT = iphoneos;
				SWIFT_ACTIVE_COMPILATION_CONDITIONS = DEBUG;
				SWIFT_OPTIMIZATION_LEVEL = "-Onone";
			};
			name = Debug;
		};
		F7A3F2D22B7BD7A400B5A398 /* Release */ = {
			isa = XCBuildConfiguration;
			buildSettings = {
				ALWAYS_SEARCH_USER_PATHS = NO;
				CLANG_ANALYZER_NONNULL = YES;
				CLANG_ANALYZER_NUMBER_OBJECT_CONVERSION = YES_AGGRESSIVE;
				CLANG_CXX_LANGUAGE_STANDARD = "gnu++20";
				CLANG_ENABLE_MODULES = YES;
				CLANG_ENABLE_OBJC_ARC = YES;
				CLANG_ENABLE_OBJC_WEAK = YES;
				CLANG_WARN_BLOCK_CAPTURE_AUTORELEASING = YES;
				CLANG_WARN_BOOL_CONVERSION = YES;
				CLANG_WARN_COMMA = YES;
				CLANG_WARN_CONSTANT_CONVERSION = YES;
				CLANG_WARN_DEPRECATED_OBJC_IMPLEMENTATIONS = YES;
				CLANG_WARN_DIRECT_OBJC_ISA_USAGE = YES_ERROR;
				CLANG_WARN_DOCUMENTATION_COMMENTS = YES;
				CLANG_WARN_EMPTY_BODY = YES;
				CLANG_WARN_ENUM_CONVERSION = YES;
				CLANG_WARN_INFINITE_RECURSION = YES;
				CLANG_WARN_INT_CONVERSION = YES;
				CLANG_WARN_NON_LITERAL_NULL_CONVERSION = YES;
				CLANG_WARN_OBJC_IMPLICIT_RETAIN_SELF = YES;
				CLANG_WARN_OBJC_LITERAL_CONVERSION = YES;
				CLANG_WARN_OBJC_ROOT_CLASS = YES_ERROR;
				CLANG_WARN_QUOTED_INCLUDE_IN_FRAMEWORK_HEADER = YES;
				CLANG_WARN_RANGE_LOOP_ANALYSIS = YES;
				CLANG_WARN_STRICT_PROTOTYPES = YES;
				CLANG_WARN_SUSPICIOUS_MOVE = YES;
				CLANG_WARN_UNGUARDED_AVAILABILITY = YES_AGGRESSIVE;
				CLANG_WARN_UNREACHABLE_CODE = YES;
				CLANG_WARN__DUPLICATE_METHOD_MATCH = YES;
				COPY_PHASE_STRIP = NO;
				DEBUG_INFORMATION_FORMAT = "dwarf-with-dsym";
				ENABLE_NS_ASSERTIONS = NO;
				ENABLE_STRICT_OBJC_MSGSEND = YES;
				GCC_C_LANGUAGE_STANDARD = gnu11;
				GCC_NO_COMMON_BLOCKS = YES;
				GCC_WARN_64_TO_32_BIT_CONVERSION = YES;
				GCC_WARN_ABOUT_RETURN_TYPE = YES_ERROR;
				GCC_WARN_UNDECLARED_SELECTOR = YES;
				GCC_WARN_UNINITIALIZED_AUTOS = YES_AGGRESSIVE;
				GCC_WARN_UNUSED_FUNCTION = YES;
				GCC_WARN_UNUSED_VARIABLE = YES;
				IPHONEOS_DEPLOYMENT_TARGET = 16.1;
				MTL_ENABLE_DEBUG_INFO = NO;
				MTL_FAST_MATH = YES;
				SDKROOT = iphoneos;
				SWIFT_COMPILATION_MODE = wholemodule;
				SWIFT_OPTIMIZATION_LEVEL = "-O";
				VALIDATE_PRODUCT = YES;
			};
			name = Release;
		};
		F7A3F2D42B7BD7A400B5A398 /* Debug */ = {
			isa = XCBuildConfiguration;
			buildSettings = {
				ASSETCATALOG_COMPILER_APPICON_NAME = AppIcon;
				ASSETCATALOG_COMPILER_GLOBAL_ACCENT_COLOR_NAME = AccentColor;
				CODE_SIGN_STYLE = Automatic;
				CURRENT_PROJECT_VERSION = 1;
				DEVELOPMENT_TEAM = 4U62Q8ST39;
				GENERATE_INFOPLIST_FILE = YES;
				INFOPLIST_FILE = image_feed/Info.plist;
				INFOPLIST_KEY_UIApplicationSupportsIndirectInputEvents = YES;
				INFOPLIST_KEY_UILaunchStoryboardName = LaunchScreen;
				INFOPLIST_KEY_UIMainStoryboardFile = Main;
				INFOPLIST_KEY_UISupportedInterfaceOrientations = UIInterfaceOrientationPortrait;
				IPHONEOS_DEPLOYMENT_TARGET = 13.0;
				LD_RUNPATH_SEARCH_PATHS = (
					"$(inherited)",
					"@executable_path/Frameworks",
				);
				MARKETING_VERSION = 1.0;
				PRODUCT_BUNDLE_IDENTIFIER = "ru.Alekse1Frolov.image-feed";
				PRODUCT_NAME = "$(TARGET_NAME)";
				SUPPORTED_PLATFORMS = "iphoneos iphonesimulator";
				SUPPORTS_MACCATALYST = NO;
				SUPPORTS_MAC_DESIGNED_FOR_IPHONE_IPAD = YES;
				SWIFT_EMIT_LOC_STRINGS = YES;
				SWIFT_VERSION = 5.0;
				TARGETED_DEVICE_FAMILY = 1;
			};
			name = Debug;
		};
		F7A3F2D52B7BD7A400B5A398 /* Release */ = {
			isa = XCBuildConfiguration;
			buildSettings = {
				ASSETCATALOG_COMPILER_APPICON_NAME = AppIcon;
				ASSETCATALOG_COMPILER_GLOBAL_ACCENT_COLOR_NAME = AccentColor;
				CODE_SIGN_STYLE = Automatic;
				CURRENT_PROJECT_VERSION = 1;
				DEVELOPMENT_TEAM = 4U62Q8ST39;
				GENERATE_INFOPLIST_FILE = YES;
				INFOPLIST_FILE = image_feed/Info.plist;
				INFOPLIST_KEY_UIApplicationSupportsIndirectInputEvents = YES;
				INFOPLIST_KEY_UILaunchStoryboardName = LaunchScreen;
				INFOPLIST_KEY_UIMainStoryboardFile = Main;
				INFOPLIST_KEY_UISupportedInterfaceOrientations = UIInterfaceOrientationPortrait;
				IPHONEOS_DEPLOYMENT_TARGET = 13.0;
				LD_RUNPATH_SEARCH_PATHS = (
					"$(inherited)",
					"@executable_path/Frameworks",
				);
				MARKETING_VERSION = 1.0;
				PRODUCT_BUNDLE_IDENTIFIER = "ru.Alekse1Frolov.image-feed";
				PRODUCT_NAME = "$(TARGET_NAME)";
				SUPPORTED_PLATFORMS = "iphoneos iphonesimulator";
				SUPPORTS_MACCATALYST = NO;
				SUPPORTS_MAC_DESIGNED_FOR_IPHONE_IPAD = YES;
				SWIFT_EMIT_LOC_STRINGS = YES;
				SWIFT_VERSION = 5.0;
				TARGETED_DEVICE_FAMILY = 1;
			};
			name = Release;
		};
/* End XCBuildConfiguration section */

/* Begin XCConfigurationList section */
		F7A3F2BA2B7BD7A200B5A398 /* Build configuration list for PBXProject "image_feed" */ = {
			isa = XCConfigurationList;
			buildConfigurations = (
				F7A3F2D12B7BD7A400B5A398 /* Debug */,
				F7A3F2D22B7BD7A400B5A398 /* Release */,
			);
			defaultConfigurationIsVisible = 0;
			defaultConfigurationName = Release;
		};
		F7A3F2D32B7BD7A400B5A398 /* Build configuration list for PBXNativeTarget "image_feed" */ = {
			isa = XCConfigurationList;
			buildConfigurations = (
				F7A3F2D42B7BD7A400B5A398 /* Debug */,
				F7A3F2D52B7BD7A400B5A398 /* Release */,
			);
			defaultConfigurationIsVisible = 0;
			defaultConfigurationName = Release;
		};
/* End XCConfigurationList section */
	};
	rootObject = F7A3F2B72B7BD7A200B5A398 /* Project object */;
}
